
Microsoft Visual Studio Solution File, Format Version 12.00
# Visual Studio Version 16
VisualStudioVersion = 16.0.33130.400
MinimumVisualStudioVersion = 10.0.40219.1
Project("{FAE04EC0-301F-11D3-BF4B-00C04F79EFBC}") = "DigiFamily.Android", "DigiFamily.Android\DigiFamily.Android.csproj", "{EEDC1CBD-D4A9-42B8-B1A3-987AE24F4427}"
EndProject
Project("{FAE04EC0-301F-11D3-BF4B-00C04F79EFBC}") = "DigiFamily.iOS", "DigiFamily.iOS\DigiFamily.iOS.csproj", "{5D6DB92F-2BD9-4966-85EA-0373F1DDDB89}"
EndProject
Project("{9A19103F-16F7-4668-BE54-9A1E7A4F7556}") = "DigiFamily", "DigiFamily\DigiFamily.csproj", "{1607C6BA-CCA2-4E67-AD86-0E6558B97E5F}"
EndProject
Project("{2150E333-8FDC-42A3-9474-1A3956D46DE8}") = "Solution Items", "Solution Items", "{CE536173-5302-4307-A255-3AAFE3E4257D}"
	ProjectSection(SolutionItems) = preProject
		NuGet.Config = NuGet.Config
		ReadMe.txt = ReadMe.txt
	EndProjectSection
EndProject
Global
	GlobalSection(SolutionConfigurationPlatforms) = preSolution
		Debug|Any CPU = Debug|Any CPU
		Debug|iPhone = Debug|iPhone
		Debug|iPhoneSimulator = Debug|iPhoneSimulator
		Release|Any CPU = Release|Any CPU
		Release|iPhone = Release|iPhone
		Release|iPhoneSimulator = Release|iPhoneSimulator
	EndGlobalSection
	GlobalSection(ProjectConfigurationPlatforms) = postSolution
		{EEDC1CBD-D4A9-42B8-B1A3-987AE24F4427}.Debug|Any CPU.ActiveCfg = Debug|Any CPU
		{EEDC1CBD-D4A9-42B8-B1A3-987AE24F4427}.Debug|Any CPU.Build.0 = Debug|Any CPU
		{EEDC1CBD-D4A9-42B8-B1A3-987AE24F4427}.Debug|Any CPU.Deploy.0 = Debug|Any CPU
		{EEDC1CBD-D4A9-42B8-B1A3-987AE24F4427}.Debug|iPhone.ActiveCfg = Debug|Any CPU
		{EEDC1CBD-D4A9-42B8-B1A3-987AE24F4427}.Debug|iPhone.Build.0 = Debug|Any CPU
		{EEDC1CBD-D4A9-42B8-B1A3-987AE24F4427}.Debug|iPhone.Deploy.0 = Debug|Any CPU
		{EEDC1CBD-D4A9-42B8-B1A3-987AE24F4427}.Debug|iPhoneSimulator.ActiveCfg = Debug|Any CPU
		{EEDC1CBD-D4A9-42B8-B1A3-987AE24F4427}.Debug|iPhoneSimulator.Build.0 = Debug|Any CPU
		{EEDC1CBD-D4A9-42B8-B1A3-987AE24F4427}.Debug|iPhoneSimulator.Deploy.0 = Debug|Any CPU
		{EEDC1CBD-D4A9-42B8-B1A3-987AE24F4427}.Release|Any CPU.ActiveCfg = Release|Any CPU
		{EEDC1CBD-D4A9-42B8-B1A3-987AE24F4427}.Release|Any CPU.Build.0 = Release|Any CPU
		{EEDC1CBD-D4A9-42B8-B1A3-987AE24F4427}.Release|Any CPU.Deploy.0 = Release|Any CPU
		{EEDC1CBD-D4A9-42B8-B1A3-987AE24F4427}.Release|iPhone.ActiveCfg = Release|Any CPU
		{EEDC1CBD-D4A9-42B8-B1A3-987AE24F4427}.Release|iPhone.Build.0 = Release|Any CPU
		{EEDC1CBD-D4A9-42B8-B1A3-987AE24F4427}.Release|iPhone.Deploy.0 = Release|Any CPU
		{EEDC1CBD-D4A9-42B8-B1A3-987AE24F4427}.Release|iPhoneSimulator.ActiveCfg = Release|Any CPU
		{EEDC1CBD-D4A9-42B8-B1A3-987AE24F4427}.Release|iPhoneSimulator.Build.0 = Release|Any CPU
		{EEDC1CBD-D4A9-42B8-B1A3-987AE24F4427}.Release|iPhoneSimulator.Deploy.0 = Release|Any CPU
		{5D6DB92F-2BD9-4966-85EA-0373F1DDDB89}.Debug|Any CPU.ActiveCfg = Debug|iPhone
		{5D6DB92F-2BD9-4966-85EA-0373F1DDDB89}.Debug|Any CPU.Build.0 = Debug|iPhone
		{5D6DB92F-2BD9-4966-85EA-0373F1DDDB89}.Debug|Any CPU.Deploy.0 = Debug|iPhone
		{5D6DB92F-2BD9-4966-85EA-0373F1DDDB89}.Debug|iPhone.ActiveCfg = Debug|iPhone
		{5D6DB92F-2BD9-4966-85EA-0373F1DDDB89}.Debug|iPhone.Build.0 = Debug|iPhone
		{5D6DB92F-2BD9-4966-85EA-0373F1DDDB89}.Debug|iPhone.Deploy.0 = Debug|iPhone
		{5D6DB92F-2BD9-4966-85EA-0373F1DDDB89}.Debug|iPhoneSimulator.ActiveCfg = Debug|iPhoneSimulator
		{5D6DB92F-2BD9-4966-85EA-0373F1DDDB89}.Debug|iPhoneSimulator.Build.0 = Debug|iPhoneSimulator
		{5D6DB92F-2BD9-4966-85EA-0373F1DDDB89}.Debug|iPhoneSimulator.Deploy.0 = Debug|iPhoneSimulator
		{5D6DB92F-2BD9-4966-85EA-0373F1DDDB89}.Release|Any CPU.ActiveCfg = Release|iPhoneSimulator
		{5D6DB92F-2BD9-4966-85EA-0373F1DDDB89}.Release|Any CPU.Build.0 = Release|iPhoneSimulator
		{5D6DB92F-2BD9-4966-85EA-0373F1DDDB89}.Release|Any CPU.Deploy.0 = Release|iPhoneSimulator
		{5D6DB92F-2BD9-4966-85EA-0373F1DDDB89}.Release|iPhone.ActiveCfg = Release|iPhone
		{5D6DB92F-2BD9-4966-85EA-0373F1DDDB89}.Release|iPhone.Build.0 = Release|iPhone
		{5D6DB92F-2BD9-4966-85EA-0373F1DDDB89}.Release|iPhone.Deploy.0 = Release|iPhone
		{5D6DB92F-2BD9-4966-85EA-0373F1DDDB89}.Release|iPhoneSimulator.ActiveCfg = Release|iPhoneSimulator
		{5D6DB92F-2BD9-4966-85EA-0373F1DDDB89}.Release|iPhoneSimulator.Build.0 = Release|iPhoneSimulator
		{5D6DB92F-2BD9-4966-85EA-0373F1DDDB89}.Release|iPhoneSimulator.Deploy.0 = Release|iPhoneSimulator
		{1607C6BA-CCA2-4E67-AD86-0E6558B97E5F}.Debug|Any CPU.ActiveCfg = Debug|Any CPU
		{1607C6BA-CCA2-4E67-AD86-0E6558B97E5F}.Debug|Any CPU.Build.0 = Debug|Any CPU
		{1607C6BA-CCA2-4E67-AD86-0E6558B97E5F}.Debug|Any CPU.Deploy.0 = Debug|Any CPU
		{1607C6BA-CCA2-4E67-AD86-0E6558B97E5F}.Debug|iPhone.ActiveCfg = Debug|Any CPU
		{1607C6BA-CCA2-4E67-AD86-0E6558B97E5F}.Debug|iPhone.Build.0 = Debug|Any CPU
		{1607C6BA-CCA2-4E67-AD86-0E6558B97E5F}.Debug|iPhone.Deploy.0 = Debug|Any CPU
		{1607C6BA-CCA2-4E67-AD86-0E6558B97E5F}.Debug|iPhoneSimulator.ActiveCfg = Debug|Any CPU
		{1607C6BA-CCA2-4E67-AD86-0E6558B97E5F}.Debug|iPhoneSimulator.Build.0 = Debug|Any CPU
		{1607C6BA-CCA2-4E67-AD86-0E6558B97E5F}.Debug|iPhoneSimulator.Deploy.0 = Debug|Any CPU
		{1607C6BA-CCA2-4E67-AD86-0E6558B97E5F}.Release|Any CPU.ActiveCfg = Release|Any CPU
		{1607C6BA-CCA2-4E67-AD86-0E6558B97E5F}.Release|Any CPU.Build.0 = Release|Any CPU
		{1607C6BA-CCA2-4E67-AD86-0E6558B97E5F}.Release|Any CPU.Deploy.0 = Release|Any CPU
		{1607C6BA-CCA2-4E67-AD86-0E6558B97E5F}.Release|iPhone.ActiveCfg = Release|Any CPU
		{1607C6BA-CCA2-4E67-AD86-0E6558B97E5F}.Release|iPhone.Build.0 = Release|Any CPU
		{1607C6BA-CCA2-4E67-AD86-0E6558B97E5F}.Release|iPhone.Deploy.0 = Release|Any CPU
		{1607C6BA-CCA2-4E67-AD86-0E6558B97E5F}.Release|iPhoneSimulator.ActiveCfg = Release|Any CPU
		{1607C6BA-CCA2-4E67-AD86-0E6558B97E5F}.Release|iPhoneSimulator.Build.0 = Release|Any CPU
		{1607C6BA-CCA2-4E67-AD86-0E6558B97E5F}.Release|iPhoneSimulator.Deploy.0 = Release|Any CPU
	EndGlobalSection
	GlobalSection(SolutionProperties) = preSolution
		HideSolutionNode = FALSE
	EndGlobalSection
	GlobalSection(ExtensibilityGlobals) = postSolution
		SolutionGuid = {A4589150-F612-4279-9BD5-BB0770163876}
	EndGlobalSection
EndGlobal
